
Microsoft Visual Studio Solution File, Format Version 12.00
# Visual Studio 15
VisualStudioVersion = 15.0.27130.0
MinimumVisualStudioVersion = 10.0.40219.1
Project("{FAE04EC0-301F-11D3-BF4B-00C04F79EFBC}") = "WPF_Learning", "WPF_Learning\WPF_Learning.csproj", "{302A6D18-121D-4CFB-B386-3D074BA2E143}"
EndProject
Project("{FAE04EC0-301F-11D3-BF4B-00C04F79EFBC}") = "Console_Event_Delegate", "Console_Event_Delegate\Console_Event_Delegate.csproj", "{8FA3EE43-45CF-497B-8F7B-771F62F1D548}"
EndProject
Project("{FAE04EC0-301F-11D3-BF4B-00C04F79EFBC}") = "DataBinding_Learning", "DataBinding_Learning\DataBinding_Learning.csproj", "{69BC14C5-303D-417D-A592-E633FBE0498A}"
EndProject
Project("{FAE04EC0-301F-11D3-BF4B-00C04F79EFBC}") = "ControlTemplate", "ControlTemplate\ControlTemplate.csproj", "{7B080C11-A7B9-43F3-B17C-817111E5914F}"
EndProject
Project("{FAE04EC0-301F-11D3-BF4B-00C04F79EFBC}") = "ObservableColection_ListBox", "ObservableColection_ListBox\ObservableColection_ListBox.csproj", "{AC5F7747-315F-422A-94BC-D807224DE766}"
EndProject
Global
	GlobalSection(SolutionConfigurationPlatforms) = preSolution
		Debug|Any CPU = Debug|Any CPU
		Release|Any CPU = Release|Any CPU
	EndGlobalSection
	GlobalSection(ProjectConfigurationPlatforms) = postSolution
		{302A6D18-121D-4CFB-B386-3D074BA2E143}.Debug|Any CPU.ActiveCfg = Debug|Any CPU
		{302A6D18-121D-4CFB-B386-3D074BA2E143}.Debug|Any CPU.Build.0 = Debug|Any CPU
		{302A6D18-121D-4CFB-B386-3D074BA2E143}.Release|Any CPU.ActiveCfg = Release|Any CPU
		{302A6D18-121D-4CFB-B386-3D074BA2E143}.Release|Any CPU.Build.0 = Release|Any CPU
		{8FA3EE43-45CF-497B-8F7B-771F62F1D548}.Debug|Any CPU.ActiveCfg = Debug|Any CPU
		{8FA3EE43-45CF-497B-8F7B-771F62F1D548}.Debug|Any CPU.Build.0 = Debug|Any CPU
		{8FA3EE43-45CF-497B-8F7B-771F62F1D548}.Release|Any CPU.ActiveCfg = Release|Any CPU
		{8FA3EE43-45CF-497B-8F7B-771F62F1D548}.Release|Any CPU.Build.0 = Release|Any CPU
		{69BC14C5-303D-417D-A592-E633FBE0498A}.Debug|Any CPU.ActiveCfg = Debug|Any CPU
		{69BC14C5-303D-417D-A592-E633FBE0498A}.Debug|Any CPU.Build.0 = Debug|Any CPU
		{69BC14C5-303D-417D-A592-E633FBE0498A}.Release|Any CPU.ActiveCfg = Release|Any CPU
		{69BC14C5-303D-417D-A592-E633FBE0498A}.Release|Any CPU.Build.0 = Release|Any CPU
		{7B080C11-A7B9-43F3-B17C-817111E5914F}.Debug|Any CPU.ActiveCfg = Debug|Any CPU
		{7B080C11-A7B9-43F3-B17C-817111E5914F}.Debug|Any CPU.Build.0 = Debug|Any CPU
		{7B080C11-A7B9-43F3-B17C-817111E5914F}.Release|Any CPU.ActiveCfg = Release|Any CPU
		{7B080C11-A7B9-43F3-B17C-817111E5914F}.Release|Any CPU.Build.0 = Release|Any CPU
		{AC5F7747-315F-422A-94BC-D807224DE766}.Debug|Any CPU.ActiveCfg = Debug|Any CPU
		{AC5F7747-315F-422A-94BC-D807224DE766}.Debug|Any CPU.Build.0 = Debug|Any CPU
		{AC5F7747-315F-422A-94BC-D807224DE766}.Release|Any CPU.ActiveCfg = Release|Any CPU
		{AC5F7747-315F-422A-94BC-D807224DE766}.Release|Any CPU.Build.0 = Release|Any CPU
	EndGlobalSection
	GlobalSection(SolutionProperties) = preSolution
		HideSolutionNode = FALSE
	EndGlobalSection
	GlobalSection(ExtensibilityGlobals) = postSolution
		SolutionGuid = {EF025901-AFFE-4B22-B1E3-C3DFAE961A7C}
	EndGlobalSection
EndGlobal
